
Microsoft Visual Studio Solution File, Format Version 12.00
# Visual Studio 14
VisualStudioVersion = 14.0.24720.0
MinimumVisualStudioVersion = 10.0.40219.1
Project("{FAE04EC0-301F-11D3-BF4B-00C04F79EFBC}") = "DynamicTemplate", "DynamicTemplate\DynamicTemplate.csproj", "{5D172116-CDE0-4553-9943-EC6D0736A4F8}"
EndProject
Project("{54435603-DBB4-11D2-8724-00A0C9A8B90C}") = "DynamicTemplateSetup", "DynamicTemplateSetup\DynamicTemplateSetup.vdproj", "{F17A8D54-0137-4BD9-A221-D4FF8FF52C4B}"
EndProject
Project("{FAE04EC0-301F-11D3-BF4B-00C04F79EFBC}") = "DynamicTemplateManager", "DynamicTemplateManager\DynamicTemplateManager.csproj", "{8D16D0D2-2C50-4C75-B9AD-670F084A29E1}"
EndProject
Global
	GlobalSection(SolutionConfigurationPlatforms) = preSolution
		Debug|Any CPU = Debug|Any CPU
		Release|Any CPU = Release|Any CPU
	EndGlobalSection
	GlobalSection(ProjectConfigurationPlatforms) = postSolution
		{5D172116-CDE0-4553-9943-EC6D0736A4F8}.Debug|Any CPU.ActiveCfg = Debug|Any CPU
		{5D172116-CDE0-4553-9943-EC6D0736A4F8}.Debug|Any CPU.Build.0 = Debug|Any CPU
		{5D172116-CDE0-4553-9943-EC6D0736A4F8}.Release|Any CPU.ActiveCfg = Release|Any CPU
		{5D172116-CDE0-4553-9943-EC6D0736A4F8}.Release|Any CPU.Build.0 = Release|Any CPU
		{F17A8D54-0137-4BD9-A221-D4FF8FF52C4B}.Debug|Any CPU.ActiveCfg = Debug
		{F17A8D54-0137-4BD9-A221-D4FF8FF52C4B}.Release|Any CPU.ActiveCfg = Release
		{8D16D0D2-2C50-4C75-B9AD-670F084A29E1}.Debug|Any CPU.ActiveCfg = Debug|Any CPU
		{8D16D0D2-2C50-4C75-B9AD-670F084A29E1}.Debug|Any CPU.Build.0 = Debug|Any CPU
		{8D16D0D2-2C50-4C75-B9AD-670F084A29E1}.Release|Any CPU.ActiveCfg = Release|Any CPU
		{8D16D0D2-2C50-4C75-B9AD-670F084A29E1}.Release|Any CPU.Build.0 = Release|Any CPU
	EndGlobalSection
	GlobalSection(SolutionProperties) = preSolution
		HideSolutionNode = FALSE
	EndGlobalSection
EndGlobal
